// !$*UTF8*$!
{
	archiveVersion = 1;
	classes = {
	};
	objectVersion = 55;
	objects = {

/* Begin PBXBuildFile section */
		C2EA000127AB6240008358CC /* AgentDetailsViewController.swift in Sources */ = {isa = PBXBuildFile; fileRef = C2EA000027AB6240008358CC /* AgentDetailsViewController.swift */; };
		C2EAFFDF27AB3E06008358CC /* AppDelegate.swift in Sources */ = {isa = PBXBuildFile; fileRef = C2EAFFDE27AB3E06008358CC /* AppDelegate.swift */; };
		C2EAFFE127AB3E06008358CC /* SceneDelegate.swift in Sources */ = {isa = PBXBuildFile; fileRef = C2EAFFE027AB3E06008358CC /* SceneDelegate.swift */; };
		C2EAFFE627AB3E06008358CC /* Main.storyboard in Resources */ = {isa = PBXBuildFile; fileRef = C2EAFFE427AB3E06008358CC /* Main.storyboard */; };
		C2EAFFE827AB3E08008358CC /* Assets.xcassets in Resources */ = {isa = PBXBuildFile; fileRef = C2EAFFE727AB3E08008358CC /* Assets.xcassets */; };
		C2EAFFEB27AB3E08008358CC /* LaunchScreen.storyboard in Resources */ = {isa = PBXBuildFile; fileRef = C2EAFFE927AB3E08008358CC /* LaunchScreen.storyboard */; };
		C2EAFFFA27AB3F61008358CC /* Agent.swift in Sources */ = {isa = PBXBuildFile; fileRef = C2EAFFF927AB3F61008358CC /* Agent.swift */; };
		C2EAFFFD27AB441C008358CC /* AgentNetworkController.swift in Sources */ = {isa = PBXBuildFile; fileRef = C2EAFFFC27AB441C008358CC /* AgentNetworkController.swift */; };
		C2EAFFFF27AB6227008358CC /* AgentTableViewController.swift in Sources */ = {isa = PBXBuildFile; fileRef = C2EAFFFE27AB6227008358CC /* AgentTableViewController.swift */; };
/* End PBXBuildFile section */

/* Begin PBXFileReference section */
		C2EA000027AB6240008358CC /* AgentDetailsViewController.swift */ = {isa = PBXFileReference; lastKnownFileType = sourcecode.swift; path = AgentDetailsViewController.swift; sourceTree = "<group>"; };
		C2EAFFDB27AB3E06008358CC /* ValorantAPI.app */ = {isa = PBXFileReference; explicitFileType = wrapper.application; includeInIndex = 0; path = ValorantAPI.app; sourceTree = BUILT_PRODUCTS_DIR; };
		C2EAFFDE27AB3E06008358CC /* AppDelegate.swift */ = {isa = PBXFileReference; lastKnownFileType = sourcecode.swift; path = AppDelegate.swift; sourceTree = "<group>"; };
		C2EAFFE027AB3E06008358CC /* SceneDelegate.swift */ = {isa = PBXFileReference; lastKnownFileType = sourcecode.swift; path = SceneDelegate.swift; sourceTree = "<group>"; };
		C2EAFFE527AB3E06008358CC /* Base */ = {isa = PBXFileReference; lastKnownFileType = file.storyboard; name = Base; path = Base.lproj/Main.storyboard; sourceTree = "<group>"; };
		C2EAFFE727AB3E08008358CC /* Assets.xcassets */ = {isa = PBXFileReference; lastKnownFileType = folder.assetcatalog; path = Assets.xcassets; sourceTree = "<group>"; };
		C2EAFFEA27AB3E08008358CC /* Base */ = {isa = PBXFileReference; lastKnownFileType = file.storyboard; name = Base; path = Base.lproj/LaunchScreen.storyboard; sourceTree = "<group>"; };
		C2EAFFEC27AB3E08008358CC /* Info.plist */ = {isa = PBXFileReference; lastKnownFileType = text.plist.xml; path = Info.plist; sourceTree = "<group>"; };
		C2EAFFF927AB3F61008358CC /* Agent.swift */ = {isa = PBXFileReference; lastKnownFileType = sourcecode.swift; path = Agent.swift; sourceTree = "<group>"; };
		C2EAFFFC27AB441C008358CC /* AgentNetworkController.swift */ = {isa = PBXFileReference; lastKnownFileType = sourcecode.swift; path = AgentNetworkController.swift; sourceTree = "<group>"; };
		C2EAFFFE27AB6227008358CC /* AgentTableViewController.swift */ = {isa = PBXFileReference; lastKnownFileType = sourcecode.swift; path = AgentTableViewController.swift; sourceTree = "<group>"; };
/* End PBXFileReference section */

/* Begin PBXFrameworksBuildPhase section */
		C2EAFFD827AB3E06008358CC /* Frameworks */ = {
			isa = PBXFrameworksBuildPhase;
			buildActionMask = 2147483647;
			files = (
			);
			runOnlyForDeploymentPostprocessing = 0;
		};
/* End PBXFrameworksBuildPhase section */

/* Begin PBXGroup section */
		C2EAFFD227AB3E06008358CC = {
			isa = PBXGroup;
			children = (
				C2EAFFDD27AB3E06008358CC /* ValorantAPI */,
				C2EAFFDC27AB3E06008358CC /* Products */,
			);
			sourceTree = "<group>";
		};
		C2EAFFDC27AB3E06008358CC /* Products */ = {
			isa = PBXGroup;
			children = (
				C2EAFFDB27AB3E06008358CC /* ValorantAPI.app */,
			);
			name = Products;
			sourceTree = "<group>";
		};
		C2EAFFDD27AB3E06008358CC /* ValorantAPI */ = {
			isa = PBXGroup;
			children = (
				C2EAFFF627AB3F0B008358CC /* Model */,
				C2EAFFF427AB3EF5008358CC /* Views */,
				C2EAFFF527AB3F04008358CC /* Controllers */,
				C2EAFFF227AB3E13008358CC /* Resources */,
			);
			path = ValorantAPI;
			sourceTree = "<group>";
		};
		C2EAFFF227AB3E13008358CC /* Resources */ = {
			isa = PBXGroup;
			children = (
				C2EAFFDE27AB3E06008358CC /* AppDelegate.swift */,
				C2EAFFE027AB3E06008358CC /* SceneDelegate.swift */,
				C2EAFFE727AB3E08008358CC /* Assets.xcassets */,
				C2EAFFE927AB3E08008358CC /* LaunchScreen.storyboard */,
				C2EAFFEC27AB3E08008358CC /* Info.plist */,
			);
			path = Resources;
			sourceTree = "<group>";
		};
		C2EAFFF427AB3EF5008358CC /* Views */ = {
			isa = PBXGroup;
			children = (
				C2EAFFE427AB3E06008358CC /* Main.storyboard */,
			);
			path = Views;
			sourceTree = "<group>";
		};
		C2EAFFF527AB3F04008358CC /* Controllers */ = {
			isa = PBXGroup;
			children = (
				C2EAFFFB27AB43F6008358CC /* Network Controller */,
				C2EAFFF827AB3F38008358CC /* Model Controllers */,
				C2EAFFF727AB3F30008358CC /* View Controllers */,
			);
			path = Controllers;
			sourceTree = "<group>";
		};
		C2EAFFF627AB3F0B008358CC /* Model */ = {
			isa = PBXGroup;
			children = (
				C2EAFFF927AB3F61008358CC /* Agent.swift */,
			);
			path = Model;
			sourceTree = "<group>";
		};
		C2EAFFF727AB3F30008358CC /* View Controllers */ = {
			isa = PBXGroup;
			children = (
				C2EAFFFE27AB6227008358CC /* AgentTableViewController.swift */,
				C2EA000027AB6240008358CC /* AgentDetailsViewController.swift */,
			);
			path = "View Controllers";
			sourceTree = "<group>";
		};
		C2EAFFF827AB3F38008358CC /* Model Controllers */ = {
			isa = PBXGroup;
			children = (
			);
			path = "Model Controllers";
			sourceTree = "<group>";
		};
		C2EAFFFB27AB43F6008358CC /* Network Controller */ = {
			isa = PBXGroup;
			children = (
				C2EAFFFC27AB441C008358CC /* AgentNetworkController.swift */,
			);
			path = "Network Controller";
			sourceTree = "<group>";
		};
/* End PBXGroup section */

/* Begin PBXNativeTarget section */
		C2EAFFDA27AB3E06008358CC /* ValorantAPI */ = {
			isa = PBXNativeTarget;
			buildConfigurationList = C2EAFFEF27AB3E08008358CC /* Build configuration list for PBXNativeTarget "ValorantAPI" */;
			buildPhases = (
				C2EAFFD727AB3E06008358CC /* Sources */,
				C2EAFFD827AB3E06008358CC /* Frameworks */,
				C2EAFFD927AB3E06008358CC /* Resources */,
			);
			buildRules = (
			);
			dependencies = (
			);
			name = ValorantAPI;
			productName = ValorantAPI;
			productReference = C2EAFFDB27AB3E06008358CC /* ValorantAPI.app */;
			productType = "com.apple.product-type.application";
		};
/* End PBXNativeTarget section */

/* Begin PBXProject section */
		C2EAFFD327AB3E06008358CC /* Project object */ = {
			isa = PBXProject;
			attributes = {
				BuildIndependentTargetsInParallel = 1;
				LastSwiftUpdateCheck = 1320;
				LastUpgradeCheck = 1320;
				TargetAttributes = {
					C2EAFFDA27AB3E06008358CC = {
						CreatedOnToolsVersion = 13.2.1;
					};
				};
			};
			buildConfigurationList = C2EAFFD627AB3E06008358CC /* Build configuration list for PBXProject "ValorantAPI" */;
			compatibilityVersion = "Xcode 13.0";
			developmentRegion = en;
			hasScannedForEncodings = 0;
			knownRegions = (
				en,
				Base,
			);
			mainGroup = C2EAFFD227AB3E06008358CC;
			productRefGroup = C2EAFFDC27AB3E06008358CC /* Products */;
			projectDirPath = "";
			projectRoot = "";
			targets = (
				C2EAFFDA27AB3E06008358CC /* ValorantAPI */,
			);
		};
/* End PBXProject section */

/* Begin PBXResourcesBuildPhase section */
		C2EAFFD927AB3E06008358CC /* Resources */ = {
			isa = PBXResourcesBuildPhase;
			buildActionMask = 2147483647;
			files = (
				C2EAFFEB27AB3E08008358CC /* LaunchScreen.storyboard in Resources */,
				C2EAFFE827AB3E08008358CC /* Assets.xcassets in Resources */,
				C2EAFFE627AB3E06008358CC /* Main.storyboard in Resources */,
			);
			runOnlyForDeploymentPostprocessing = 0;
		};
/* End PBXResourcesBuildPhase section */

/* Begin PBXSourcesBuildPhase section */
		C2EAFFD727AB3E06008358CC /* Sources */ = {
			isa = PBXSourcesBuildPhase;
			buildActionMask = 2147483647;
			files = (
				C2EA000127AB6240008358CC /* AgentDetailsViewController.swift in Sources */,
				C2EAFFFD27AB441C008358CC /* AgentNetworkController.swift in Sources */,
				C2EAFFFA27AB3F61008358CC /* Agent.swift in Sources */,
				C2EAFFFF27AB6227008358CC /* AgentTableViewController.swift in Sources */,
				C2EAFFDF27AB3E06008358CC /* AppDelegate.swift in Sources */,
				C2EAFFE127AB3E06008358CC /* SceneDelegate.swift in Sources */,
			);
			runOnlyForDeploymentPostprocessing = 0;
		};
/* End PBXSourcesBuildPhase section */

/* Begin PBXVariantGroup section */
		C2EAFFE427AB3E06008358CC /* Main.storyboard */ = {
			isa = PBXVariantGroup;
			children = (
				C2EAFFE527AB3E06008358CC /* Base */,
			);
			name = Main.storyboard;
			sourceTree = "<group>";
		};
		C2EAFFE927AB3E08008358CC /* LaunchScreen.storyboard */ = {
			isa = PBXVariantGroup;
			children = (
				C2EAFFEA27AB3E08008358CC /* Base */,
			);
			name = LaunchScreen.storyboard;
			sourceTree = "<group>";
		};
/* End PBXVariantGroup section */

/* Begin XCBuildConfiguration section */
		C2EAFFED27AB3E08008358CC /* Debug */ = {
			isa = XCBuildConfiguration;
			buildSettings = {
				ALWAYS_SEARCH_USER_PATHS = NO;
				CLANG_ANALYZER_NONNULL = YES;
				CLANG_ANALYZER_NUMBER_OBJECT_CONVERSION = YES_AGGRESSIVE;
				CLANG_CXX_LANGUAGE_STANDARD = "gnu++17";
				CLANG_CXX_LIBRARY = "libc++";
				CLANG_ENABLE_MODULES = YES;
				CLANG_ENABLE_OBJC_ARC = YES;
				CLANG_ENABLE_OBJC_WEAK = YES;
				CLANG_WARN_BLOCK_CAPTURE_AUTORELEASING = YES;
				CLANG_WARN_BOOL_CONVERSION = YES;
				CLANG_WARN_COMMA = YES;
				CLANG_WARN_CONSTANT_CONVERSION = YES;
				CLANG_WARN_DEPRECATED_OBJC_IMPLEMENTATIONS = YES;
				CLANG_WARN_DIRECT_OBJC_ISA_USAGE = YES_ERROR;
				CLANG_WARN_DOCUMENTATION_COMMENTS = YES;
				CLANG_WARN_EMPTY_BODY = YES;
				CLANG_WARN_ENUM_CONVERSION = YES;
				CLANG_WARN_INFINITE_RECURSION = YES;
				CLANG_WARN_INT_CONVERSION = YES;
				CLANG_WARN_NON_LITERAL_NULL_CONVERSION = YES;
				CLANG_WARN_OBJC_IMPLICIT_RETAIN_SELF = YES;
				CLANG_WARN_OBJC_LITERAL_CONVERSION = YES;
				CLANG_WARN_OBJC_ROOT_CLASS = YES_ERROR;
				CLANG_WARN_QUOTED_INCLUDE_IN_FRAMEWORK_HEADER = YES;
				CLANG_WARN_RANGE_LOOP_ANALYSIS = YES;
				CLANG_WARN_STRICT_PROTOTYPES = YES;
				CLANG_WARN_SUSPICIOUS_MOVE = YES;
				CLANG_WARN_UNGUARDED_AVAILABILITY = YES_AGGRESSIVE;
				CLANG_WARN_UNREACHABLE_CODE = YES;
				CLANG_WARN__DUPLICATE_METHOD_MATCH = YES;
				COPY_PHASE_STRIP = NO;
				DEBUG_INFORMATION_FORMAT = dwarf;
				ENABLE_STRICT_OBJC_MSGSEND = YES;
				ENABLE_TESTABILITY = YES;
				GCC_C_LANGUAGE_STANDARD = gnu11;
				GCC_DYNAMIC_NO_PIC = NO;
				GCC_NO_COMMON_BLOCKS = YES;
				GCC_OPTIMIZATION_LEVEL = 0;
				GCC_PREPROCESSOR_DEFINITIONS = (
					"DEBUG=1",
					"$(inherited)",
				);
				GCC_WARN_64_TO_32_BIT_CONVERSION = YES;
				GCC_WARN_ABOUT_RETURN_TYPE = YES_ERROR;
				GCC_WARN_UNDECLARED_SELECTOR = YES;
				GCC_WARN_UNINITIALIZED_AUTOS = YES_AGGRESSIVE;
				GCC_WARN_UNUSED_FUNCTION = YES;
				GCC_WARN_UNUSED_VARIABLE = YES;
				IPHONEOS_DEPLOYMENT_TARGET = 15.2;
				MTL_ENABLE_DEBUG_INFO = INCLUDE_SOURCE;
				MTL_FAST_MATH = YES;
				ONLY_ACTIVE_ARCH = YES;
				SDKROOT = iphoneos;
				SWIFT_ACTIVE_COMPILATION_CONDITIONS = DEBUG;
				SWIFT_OPTIMIZATION_LEVEL = "-Onone";
			};
			name = Debug;
		};
		C2EAFFEE27AB3E08008358CC /* Release */ = {
			isa = XCBuildConfiguration;
			buildSettings = {
				ALWAYS_SEARCH_USER_PATHS = NO;
				CLANG_ANALYZER_NONNULL = YES;
				CLANG_ANALYZER_NUMBER_OBJECT_CONVERSION = YES_AGGRESSIVE;
				CLANG_CXX_LANGUAGE_STANDARD = "gnu++17";
				CLANG_CXX_LIBRARY = "libc++";
				CLANG_ENABLE_MODULES = YES;
				CLANG_ENABLE_OBJC_ARC = YES;
				CLANG_ENABLE_OBJC_WEAK = YES;
				CLANG_WARN_BLOCK_CAPTURE_AUTORELEASING = YES;
				CLANG_WARN_BOOL_CONVERSION = YES;
				CLANG_WARN_COMMA = YES;
				CLANG_WARN_CONSTANT_CONVERSION = YES;
				CLANG_WARN_DEPRECATED_OBJC_IMPLEMENTATIONS = YES;
				CLANG_WARN_DIRECT_OBJC_ISA_USAGE = YES_ERROR;
				CLANG_WARN_DOCUMENTATION_COMMENTS = YES;
				CLANG_WARN_EMPTY_BODY = YES;
				CLANG_WARN_ENUM_CONVERSION = YES;
				CLANG_WARN_INFINITE_RECURSION = YES;
				CLANG_WARN_INT_CONVERSION = YES;
				CLANG_WARN_NON_LITERAL_NULL_CONVERSION = YES;
				CLANG_WARN_OBJC_IMPLICIT_RETAIN_SELF = YES;
				CLANG_WARN_OBJC_LITERAL_CONVERSION = YES;
				CLANG_WARN_OBJC_ROOT_CLASS = YES_ERROR;
				CLANG_WARN_QUOTED_INCLUDE_IN_FRAMEWORK_HEADER = YES;
				CLANG_WARN_RANGE_LOOP_ANALYSIS = YES;
				CLANG_WARN_STRICT_PROTOTYPES = YES;
				CLANG_WARN_SUSPICIOUS_MOVE = YES;
				CLANG_WARN_UNGUARDED_AVAILABILITY = YES_AGGRESSIVE;
				CLANG_WARN_UNREACHABLE_CODE = YES;
				CLANG_WARN__DUPLICATE_METHOD_MATCH = YES;
				COPY_PHASE_STRIP = NO;
				DEBUG_INFORMATION_FORMAT = "dwarf-with-dsym";
				ENABLE_NS_ASSERTIONS = NO;
				ENABLE_STRICT_OBJC_MSGSEND = YES;
				GCC_C_LANGUAGE_STANDARD = gnu11;
				GCC_NO_COMMON_BLOCKS = YES;
				GCC_WARN_64_TO_32_BIT_CONVERSION = YES;
				GCC_WARN_ABOUT_RETURN_TYPE = YES_ERROR;
				GCC_WARN_UNDECLARED_SELECTOR = YES;
				GCC_WARN_UNINITIALIZED_AUTOS = YES_AGGRESSIVE;
				GCC_WARN_UNUSED_FUNCTION = YES;
				GCC_WARN_UNUSED_VARIABLE = YES;
				IPHONEOS_DEPLOYMENT_TARGET = 15.2;
				MTL_ENABLE_DEBUG_INFO = NO;
				MTL_FAST_MATH = YES;
				SDKROOT = iphoneos;
				SWIFT_COMPILATION_MODE = wholemodule;
				SWIFT_OPTIMIZATION_LEVEL = "-O";
				VALIDATE_PRODUCT = YES;
			};
			name = Release;
		};
		C2EAFFF027AB3E08008358CC /* Debug */ = {
			isa = XCBuildConfiguration;
			buildSettings = {
				ASSETCATALOG_COMPILER_APPICON_NAME = AppIcon;
				ASSETCATALOG_COMPILER_GLOBAL_ACCENT_COLOR_NAME = AccentColor;
				CODE_SIGN_STYLE = Automatic;
				CURRENT_PROJECT_VERSION = 1;
				GENERATE_INFOPLIST_FILE = YES;
				INFOPLIST_FILE = ValorantAPI/Resources/Info.plist;
				INFOPLIST_KEY_UIApplicationSupportsIndirectInputEvents = YES;
				INFOPLIST_KEY_UILaunchStoryboardName = LaunchScreen;
				INFOPLIST_KEY_UIMainStoryboardFile = Main;
				INFOPLIST_KEY_UISupportedInterfaceOrientations_iPad = "UIInterfaceOrientationPortrait UIInterfaceOrientationPortraitUpsideDown UIInterfaceOrientationLandscapeLeft UIInterfaceOrientationLandscapeRight";
				INFOPLIST_KEY_UISupportedInterfaceOrientations_iPhone = "UIInterfaceOrientationPortrait UIInterfaceOrientationLandscapeLeft UIInterfaceOrientationLandscapeRight";
				LD_RUNPATH_SEARCH_PATHS = (
					"$(inherited)",
					"@executable_path/Frameworks",
				);
				MARKETING_VERSION = 1.0;
				PRODUCT_BUNDLE_IDENTIFIER = com.AdamSmith.ValorantAPI;
				PRODUCT_NAME = "$(TARGET_NAME)";
				SWIFT_EMIT_LOC_STRINGS = YES;
				SWIFT_VERSION = 5.0;
				TARGETED_DEVICE_FAMILY = "1,2";
			};
			name = Debug;
		};
		C2EAFFF127AB3E08008358CC /* Release */ = {
			isa = XCBuildConfiguration;
			buildSettings = {
				ASSETCATALOG_COMPILER_APPICON_NAME = AppIcon;
				ASSETCATALOG_COMPILER_GLOBAL_ACCENT_COLOR_NAME = AccentColor;
				CODE_SIGN_STYLE = Automatic;
				CURRENT_PROJECT_VERSION = 1;
				GENERATE_INFOPLIST_FILE = YES;
				INFOPLIST_FILE = ValorantAPI/Resources/Info.plist;
				INFOPLIST_KEY_UIApplicationSupportsIndirectInputEvents = YES;
				INFOPLIST_KEY_UILaunchStoryboardName = LaunchScreen;
				INFOPLIST_KEY_UIMainStoryboardFile = Main;
				INFOPLIST_KEY_UISupportedInterfaceOrientations_iPad = "UIInterfaceOrientationPortrait UIInterfaceOrientationPortraitUpsideDown UIInterfaceOrientationLandscapeLeft UIInterfaceOrientationLandscapeRight";
				INFOPLIST_KEY_UISupportedInterfaceOrientations_iPhone = "UIInterfaceOrientationPortrait UIInterfaceOrientationLandscapeLeft UIInterfaceOrientationLandscapeRight";
				LD_RUNPATH_SEARCH_PATHS = (
					"$(inherited)",
					"@executable_path/Frameworks",
				);
				MARKETING_VERSION = 1.0;
				PRODUCT_BUNDLE_IDENTIFIER = com.AdamSmith.ValorantAPI;
				PRODUCT_NAME = "$(TARGET_NAME)";
				SWIFT_EMIT_LOC_STRINGS = YES;
				SWIFT_VERSION = 5.0;
				TARGETED_DEVICE_FAMILY = "1,2";
			};
			name = Release;
		};
/* End XCBuildConfiguration section */

/* Begin XCConfigurationList section */
		C2EAFFD627AB3E06008358CC /* Build configuration list for PBXProject "ValorantAPI" */ = {
			isa = XCConfigurationList;
			buildConfigurations = (
				C2EAFFED27AB3E08008358CC /* Debug */,
				C2EAFFEE27AB3E08008358CC /* Release */,
			);
			defaultConfigurationIsVisible = 0;
			defaultConfigurationName = Release;
		};
		C2EAFFEF27AB3E08008358CC /* Build configuration list for PBXNativeTarget "ValorantAPI" */ = {
			isa = XCConfigurationList;
			buildConfigurations = (
				C2EAFFF027AB3E08008358CC /* Debug */,
				C2EAFFF127AB3E08008358CC /* Release */,
			);
			defaultConfigurationIsVisible = 0;
			defaultConfigurationName = Release;
		};
/* End XCConfigurationList section */
	};
	rootObject = C2EAFFD327AB3E06008358CC /* Project object */;
}
